
Microsoft Visual Studio Solution File, Format Version 12.00
# Visual Studio Version 17
VisualStudioVersion = 17.13.35825.156 d17.13
MinimumVisualStudioVersion = 10.0.40219.1
Project("{FAE04EC0-301F-11D3-BF4B-00C04F79EFBC}") = "Matrix2dLib", "Matrix2dLib\Matrix2dLib.csproj", "{243B0F46-E9B1-447C-AFB6-232FE4065858}"
EndProject
Project("{FAE04EC0-301F-11D3-BF4B-00C04F79EFBC}") = "Matrix2dTest", "Matrix2dTest\Matrix2dTest.csproj", "{F1A7C7A9-660E-4F9D-B0F1-37FCB0ED55B4}"
EndProject
Project("{FAE04EC0-301F-11D3-BF4B-00C04F79EFBC}") = "Matrix2dConsoleApp", "Matrix2dConsoleApp\Matrix2dConsoleApp.csproj", "{C164D327-7FEF-4921-B425-EC2223602491}"
EndProject
Global
	GlobalSection(SolutionConfigurationPlatforms) = preSolution
		Debug|Any CPU = Debug|Any CPU
		Release|Any CPU = Release|Any CPU
	EndGlobalSection
	GlobalSection(ProjectConfigurationPlatforms) = postSolution
		{243B0F46-E9B1-447C-AFB6-232FE4065858}.Debug|Any CPU.ActiveCfg = Debug|Any CPU
		{243B0F46-E9B1-447C-AFB6-232FE4065858}.Debug|Any CPU.Build.0 = Debug|Any CPU
		{243B0F46-E9B1-447C-AFB6-232FE4065858}.Release|Any CPU.ActiveCfg = Release|Any CPU
		{243B0F46-E9B1-447C-AFB6-232FE4065858}.Release|Any CPU.Build.0 = Release|Any CPU
		{F1A7C7A9-660E-4F9D-B0F1-37FCB0ED55B4}.Debug|Any CPU.ActiveCfg = Debug|Any CPU
		{F1A7C7A9-660E-4F9D-B0F1-37FCB0ED55B4}.Debug|Any CPU.Build.0 = Debug|Any CPU
		{F1A7C7A9-660E-4F9D-B0F1-37FCB0ED55B4}.Release|Any CPU.ActiveCfg = Release|Any CPU
		{F1A7C7A9-660E-4F9D-B0F1-37FCB0ED55B4}.Release|Any CPU.Build.0 = Release|Any CPU
		{C164D327-7FEF-4921-B425-EC2223602491}.Debug|Any CPU.ActiveCfg = Debug|Any CPU
		{C164D327-7FEF-4921-B425-EC2223602491}.Debug|Any CPU.Build.0 = Debug|Any CPU
		{C164D327-7FEF-4921-B425-EC2223602491}.Release|Any CPU.ActiveCfg = Release|Any CPU
		{C164D327-7FEF-4921-B425-EC2223602491}.Release|Any CPU.Build.0 = Release|Any CPU
	EndGlobalSection
	GlobalSection(SolutionProperties) = preSolution
		HideSolutionNode = FALSE
	EndGlobalSection
	GlobalSection(ExtensibilityGlobals) = postSolution
		SolutionGuid = {DB8043BB-1A9D-4A68-A620-DAC05B5D2466}
	EndGlobalSection
EndGlobal
